
Microsoft Visual Studio Solution File, Format Version 12.00
# Visual Studio Version 16
VisualStudioVersion = 16.0.32413.511
MinimumVisualStudioVersion = 10.0.40219.1
Project("{FAE04EC0-301F-11D3-BF4B-00C04F79EFBC}") = "ECommApp", "ECommApp\ECommApp.csproj", "{0CA45972-C916-45D6-BF1F-C6B7D4DF300F}"
EndProject
Global
	GlobalSection(SolutionConfigurationPlatforms) = preSolution
		Debug|Any CPU = Debug|Any CPU
		Release|Any CPU = Release|Any CPU
	EndGlobalSection
	GlobalSection(ProjectConfigurationPlatforms) = postSolution
		{0CA45972-C916-45D6-BF1F-C6B7D4DF300F}.Debug|Any CPU.ActiveCfg = Debug|Any CPU
		{0CA45972-C916-45D6-BF1F-C6B7D4DF300F}.Debug|Any CPU.Build.0 = Debug|Any CPU
		{0CA45972-C916-45D6-BF1F-C6B7D4DF300F}.Release|Any CPU.ActiveCfg = Release|Any CPU
		{0CA45972-C916-45D6-BF1F-C6B7D4DF300F}.Release|Any CPU.Build.0 = Release|Any CPU
	EndGlobalSection
	GlobalSection(SolutionProperties) = preSolution
		HideSolutionNode = FALSE
	EndGlobalSection
	GlobalSection(ExtensibilityGlobals) = postSolution
		SolutionGuid = {F396ACC8-6297-4447-A950-E5809EBDC568}
	EndGlobalSection
EndGlobal
