
Microsoft Visual Studio Solution File, Format Version 12.00
# Visual Studio Version 16
VisualStudioVersion = 16.0.32413.511
MinimumVisualStudioVersion = 10.0.40219.1
Project("{FAE04EC0-301F-11D3-BF4B-00C04F79EFBC}") = "LinqApp", "LinqApp\LinqApp.csproj", "{51FB820F-493E-4454-BD48-25AD136F49CE}"
EndProject
Global
	GlobalSection(SolutionConfigurationPlatforms) = preSolution
		Debug|Any CPU = Debug|Any CPU
		Release|Any CPU = Release|Any CPU
	EndGlobalSection
	GlobalSection(ProjectConfigurationPlatforms) = postSolution
		{51FB820F-493E-4454-BD48-25AD136F49CE}.Debug|Any CPU.ActiveCfg = Debug|Any CPU
		{51FB820F-493E-4454-BD48-25AD136F49CE}.Debug|Any CPU.Build.0 = Debug|Any CPU
		{51FB820F-493E-4454-BD48-25AD136F49CE}.Release|Any CPU.ActiveCfg = Release|Any CPU
		{51FB820F-493E-4454-BD48-25AD136F49CE}.Release|Any CPU.Build.0 = Release|Any CPU
	EndGlobalSection
	GlobalSection(SolutionProperties) = preSolution
		HideSolutionNode = FALSE
	EndGlobalSection
	GlobalSection(ExtensibilityGlobals) = postSolution
		SolutionGuid = {33487EF4-CE8A-4304-BD28-07584C8BABE8}
	EndGlobalSection
EndGlobal
